
Microsoft Visual Studio Solution File, Format Version 12.00
Project("{FAE04EC0-301F-11D3-BF4B-00C04F79EFBC}") = "hw4.Tests", "hw4.Tests\hw4.Tests.csproj", "{DD4CA947-C952-4045-AAED-817578AFB6B4}"
EndProject
Project("{F2A71F9B-5D33-465A-A702-920D77279786}") = "hw4.FS", "hw4.FS\hw4.FS.fsproj", "{0BD3E945-C62A-46F6-BFD5-EABFAAC17596}"
EndProject
Global
	GlobalSection(SolutionConfigurationPlatforms) = preSolution
		Debug|Any CPU = Debug|Any CPU
		Release|Any CPU = Release|Any CPU
	EndGlobalSection
	GlobalSection(ProjectConfigurationPlatforms) = postSolution
		{DD4CA947-C952-4045-AAED-817578AFB6B4}.Debug|Any CPU.ActiveCfg = Debug|Any CPU
		{DD4CA947-C952-4045-AAED-817578AFB6B4}.Debug|Any CPU.Build.0 = Debug|Any CPU
		{DD4CA947-C952-4045-AAED-817578AFB6B4}.Release|Any CPU.ActiveCfg = Release|Any CPU
		{DD4CA947-C952-4045-AAED-817578AFB6B4}.Release|Any CPU.Build.0 = Release|Any CPU
		{0BD3E945-C62A-46F6-BFD5-EABFAAC17596}.Debug|Any CPU.ActiveCfg = Debug|Any CPU
		{0BD3E945-C62A-46F6-BFD5-EABFAAC17596}.Debug|Any CPU.Build.0 = Debug|Any CPU
		{0BD3E945-C62A-46F6-BFD5-EABFAAC17596}.Release|Any CPU.ActiveCfg = Release|Any CPU
		{0BD3E945-C62A-46F6-BFD5-EABFAAC17596}.Release|Any CPU.Build.0 = Release|Any CPU
	EndGlobalSection
EndGlobal
