
Microsoft Visual Studio Solution File, Format Version 12.00
Project("{FAE04EC0-301F-11D3-BF4B-00C04F79EFBC}") = "hw8", "hw8\hw8\hw8.csproj", "{40EE03AF-EFEB-4483-B750-B75B827B1D5F}"
EndProject
Project("{F2A71F9B-5D33-465A-A702-920D77279786}") = "Giraffe", "hw6\Giraffe\Giraffe.fsproj", "{9A628356-5928-480F-94D3-FDD8EAEED98C}"
EndProject
Global
	GlobalSection(SolutionConfigurationPlatforms) = preSolution
		Debug|Any CPU = Debug|Any CPU
		Release|Any CPU = Release|Any CPU
	EndGlobalSection
	GlobalSection(ProjectConfigurationPlatforms) = postSolution
		{40EE03AF-EFEB-4483-B750-B75B827B1D5F}.Debug|Any CPU.ActiveCfg = Debug|Any CPU
		{40EE03AF-EFEB-4483-B750-B75B827B1D5F}.Debug|Any CPU.Build.0 = Debug|Any CPU
		{40EE03AF-EFEB-4483-B750-B75B827B1D5F}.Release|Any CPU.ActiveCfg = Release|Any CPU
		{40EE03AF-EFEB-4483-B750-B75B827B1D5F}.Release|Any CPU.Build.0 = Release|Any CPU
		{9A628356-5928-480F-94D3-FDD8EAEED98C}.Debug|Any CPU.ActiveCfg = Debug|Any CPU
		{9A628356-5928-480F-94D3-FDD8EAEED98C}.Debug|Any CPU.Build.0 = Debug|Any CPU
		{9A628356-5928-480F-94D3-FDD8EAEED98C}.Release|Any CPU.ActiveCfg = Release|Any CPU
		{9A628356-5928-480F-94D3-FDD8EAEED98C}.Release|Any CPU.Build.0 = Release|Any CPU
	EndGlobalSection
EndGlobal
